
Microsoft Visual Studio Solution File, Format Version 12.00
# Visual Studio Version 16
VisualStudioVersion = 16.0.31624.102
MinimumVisualStudioVersion = 10.0.40219.1
Project("{FAE04EC0-301F-11D3-BF4B-00C04F79EFBC}") = "ConsoleAppHello", "ConsoleAppHello\ConsoleAppHello.csproj", "{2264C53B-FF7A-4DBA-86A0-F5FBB17FBA5B}"
EndProject
Global
	GlobalSection(SolutionConfigurationPlatforms) = preSolution
		Debug|Any CPU = Debug|Any CPU
		Release|Any CPU = Release|Any CPU
	EndGlobalSection
	GlobalSection(ProjectConfigurationPlatforms) = postSolution
		{2264C53B-FF7A-4DBA-86A0-F5FBB17FBA5B}.Debug|Any CPU.ActiveCfg = Debug|Any CPU
		{2264C53B-FF7A-4DBA-86A0-F5FBB17FBA5B}.Debug|Any CPU.Build.0 = Debug|Any CPU
		{2264C53B-FF7A-4DBA-86A0-F5FBB17FBA5B}.Release|Any CPU.ActiveCfg = Release|Any CPU
		{2264C53B-FF7A-4DBA-86A0-F5FBB17FBA5B}.Release|Any CPU.Build.0 = Release|Any CPU
	EndGlobalSection
	GlobalSection(SolutionProperties) = preSolution
		HideSolutionNode = FALSE
	EndGlobalSection
	GlobalSection(ExtensibilityGlobals) = postSolution
		SolutionGuid = {5D08BC7B-1355-4320-BDB8-0E19267A513D}
	EndGlobalSection
EndGlobal
